
Microsoft Visual Studio Solution File, Format Version 12.00
# Visual Studio Version 16
VisualStudioVersion = 16.0.808.10
MinimumVisualStudioVersion = 10.0.40219.1
Project("{FAE04EC0-301F-11D3-BF4B-00C04F79EFBC}") = "PokerGrpcTest", "PokerGrpcTest\PokerGrpcTest.csproj", "{81BEC2BE-5FF5-47B4-A11D-07CAD7EACA4C}"
EndProject
Project("{FAE04EC0-301F-11D3-BF4B-00C04F79EFBC}") = "PokerGrpc", "PokerGrpc\PokerGrpc.csproj", "{26C7EE7F-46F0-411E-A271-DEBDDF0ECB5F}"
EndProject
Project("{FAE04EC0-301F-11D3-BF4B-00C04F79EFBC}") = "GrpcConsoleClient", "GrpcConsoleClient\GrpcConsoleClient.csproj", "{6298D9F1-B00C-483E-BD2A-9E45D91175FF}"
EndProject
Global
	GlobalSection(SolutionConfigurationPlatforms) = preSolution
		Debug|Any CPU = Debug|Any CPU
		Release|Any CPU = Release|Any CPU
	EndGlobalSection
	GlobalSection(ProjectConfigurationPlatforms) = postSolution
		{81BEC2BE-5FF5-47B4-A11D-07CAD7EACA4C}.Debug|Any CPU.ActiveCfg = Debug|Any CPU
		{81BEC2BE-5FF5-47B4-A11D-07CAD7EACA4C}.Debug|Any CPU.Build.0 = Debug|Any CPU
		{81BEC2BE-5FF5-47B4-A11D-07CAD7EACA4C}.Release|Any CPU.ActiveCfg = Release|Any CPU
		{81BEC2BE-5FF5-47B4-A11D-07CAD7EACA4C}.Release|Any CPU.Build.0 = Release|Any CPU
		{26C7EE7F-46F0-411E-A271-DEBDDF0ECB5F}.Debug|Any CPU.ActiveCfg = Debug|Any CPU
		{26C7EE7F-46F0-411E-A271-DEBDDF0ECB5F}.Debug|Any CPU.Build.0 = Debug|Any CPU
		{26C7EE7F-46F0-411E-A271-DEBDDF0ECB5F}.Release|Any CPU.ActiveCfg = Release|Any CPU
		{26C7EE7F-46F0-411E-A271-DEBDDF0ECB5F}.Release|Any CPU.Build.0 = Release|Any CPU
		{6298D9F1-B00C-483E-BD2A-9E45D91175FF}.Debug|Any CPU.ActiveCfg = Debug|Any CPU
		{6298D9F1-B00C-483E-BD2A-9E45D91175FF}.Debug|Any CPU.Build.0 = Debug|Any CPU
		{6298D9F1-B00C-483E-BD2A-9E45D91175FF}.Release|Any CPU.ActiveCfg = Release|Any CPU
		{6298D9F1-B00C-483E-BD2A-9E45D91175FF}.Release|Any CPU.Build.0 = Release|Any CPU
	EndGlobalSection
	GlobalSection(SolutionProperties) = preSolution
		HideSolutionNode = FALSE
	EndGlobalSection
	GlobalSection(ExtensibilityGlobals) = postSolution
		SolutionGuid = {9C88D301-8700-441B-AFD5-FDA5306BF3DC}
	EndGlobalSection
EndGlobal
